<?xml version="1.0" encoding="utf-8"?>
<Project ToolsVersion="4.0" xmlns="http://schemas.microsoft.com/developer/msbuild/2003">
  <ItemGroup>
    <Filter Include="ソース ファイル">
      <UniqueIdentifier>{4FC737F1-C7A5-4376-A066-2A32D752A2FF}</UniqueIdentifier>
      <Extensions>cpp;c;cc;cxx;c++;cppm;ixx;def;odl;idl;hpj;bat;asm;asmx</Extensions>
    </Filter>
    <Filter Include="ヘッダー ファイル">
      <UniqueIdentifier>{93995380-89BD-4b04-88EB-625FBE52EBFB}</UniqueIdentifier>
      <Extensions>h;hh;hpp;hxx;h++;hm;inl;inc;ipp;xsd</Extensions>
    </Filter>
    <Filter Include="リソース ファイル">
      <UniqueIdentifier>{67DA6AB6-F800-4c08-8B7A-83BB121AAD01}</UniqueIdentifier>
      <Extensions>rc;ico;cur;bmp;dlg;rc2;rct;bin;rgs;gif;jpg;jpeg;jpe;resx;tiff;tif;png;wav;mfcribbon-ms</Extensions>
    </Filter>
    <Filter Include="シェーダー ファイル">
      <UniqueIdentifier>{718c7f4c-fc51-40ad-a221-b9456a7a1a3c}</UniqueIdentifier>
    </Filter>
    <Filter Include="ソース ファイル\MapChipField">
      <UniqueIdentifier>{0059c5e8-de0c-43d6-beb3-057708ad561a}</UniqueIdentifier>
    </Filter>
    <Filter Include="ソース ファイル\Character">
      <UniqueIdentifier>{a86d11b4-ff69-47ad-9f9c-8225a318ac87}</UniqueIdentifier>
    </Filter>
    <Filter Include="ソース ファイル\Character\Enemy">
      <UniqueIdentifier>{fbdc7d9e-7081-4d42-b3d3-69e55511ec6f}</UniqueIdentifier>
    </Filter>
    <Filter Include="ソース ファイル\Character\Player">
      <UniqueIdentifier>{0a665f97-55c0-442f-ac6b-5c4c337a1dcd}</UniqueIdentifier>
    </Filter>
    <Filter Include="ソース ファイル\Function">
      <UniqueIdentifier>{2c96e982-a80d-4cbf-8d6c-deae497720c1}</UniqueIdentifier>
    </Filter>
    <Filter Include="ソース ファイル\Function\WorldTransform">
      <UniqueIdentifier>{23ff1c36-d355-45cc-8f2c-eaaa57c71911}</UniqueIdentifier>
    </Filter>
    <Filter Include="ソース ファイル\Function\Easing">
      <UniqueIdentifier>{52e05e4f-3d54-4ffb-8be1-6aebfec6b04f}</UniqueIdentifier>
    </Filter>
    <Filter Include="ソース ファイル\World">
      <UniqueIdentifier>{e22a08de-55b5-4b00-ad76-35d6cafd9c9c}</UniqueIdentifier>
    </Filter>
    <Filter Include="ソース ファイル\World\CameraController">
      <UniqueIdentifier>{cd7eef5e-44af-489e-95d0-4ef589210be9}</UniqueIdentifier>
    </Filter>
    <Filter Include="ソース ファイル\World\Skydomo">
      <UniqueIdentifier>{ba8749af-3f05-4f84-8109-92f553847711}</UniqueIdentifier>
    </Filter>
    <Filter Include="ソース ファイル\NemotoLibrary">
      <UniqueIdentifier>{27c1cf08-ff53-4e2b-8cb3-6c80713026a8}</UniqueIdentifier>
    </Filter>
    <Filter Include="ソース ファイル\Effect">
      <UniqueIdentifier>{ee00ad3e-b7f5-4371-a496-e987d65314ea}</UniqueIdentifier>
    </Filter>
    <Filter Include="ソース ファイル\NemotoLibrary\Matrix">
      <UniqueIdentifier>{e475a283-ea81-4182-861f-3a7418170254}</UniqueIdentifier>
    </Filter>
    <Filter Include="ソース ファイル\NemotoLibrary\Vector">
      <UniqueIdentifier>{d4225cca-c31d-42d4-9d65-1c0f48b87fc5}</UniqueIdentifier>
    </Filter>
    <Filter Include="ソース ファイル\NemotoLibrary\Math">
      <UniqueIdentifier>{33a72754-ea0f-4692-a96f-66c59e1f75f2}</UniqueIdentifier>
    </Filter>
    <Filter Include="ソース ファイル\NemotoLibrary\AABB">
      <UniqueIdentifier>{b7b42939-9e07-4d76-945e-d80e9a419909}</UniqueIdentifier>
    </Filter>
    <Filter Include="ソース ファイル\Scene">
      <UniqueIdentifier>{0c9cee59-b053-407b-b4ab-1056b6ee509e}</UniqueIdentifier>
    </Filter>
    <Filter Include="ソース ファイル\Scene\GameScene.h">
      <UniqueIdentifier>{5bdd04ef-95b4-416f-9148-65daf70ff70e}</UniqueIdentifier>
    </Filter>
    <Filter Include="ソース ファイル\Scene\TitleScene">
      <UniqueIdentifier>{9e57a720-c76e-4649-a3f4-7d5ea11930da}</UniqueIdentifier>
    </Filter>
    <Filter Include="ソース ファイル\Scene\Fade">
      <UniqueIdentifier>{ee4cb295-2108-4871-a323-a068a1127008}</UniqueIdentifier>
    </Filter>
    <Filter Include="ソース ファイル\Character\Enemy\DeathParticles">
      <UniqueIdentifier>{990e41d8-b1f7-4066-bdb5-8de2dcb998f6}</UniqueIdentifier>
    </Filter>
    <Filter Include="ソース ファイル\Function\Random">
      <UniqueIdentifier>{796804f4-ff4b-487d-b9f3-94ea7e6be73f}</UniqueIdentifier>
    </Filter>
    <Filter Include="ソース ファイル\Character\Enemy\NormalEnemy">
      <UniqueIdentifier>{a2738f57-e19d-47b3-83a6-57f6ca90c047}</UniqueIdentifier>
    </Filter>
    <Filter Include="ソース ファイル\Character\Enemy\ShieldEnemy">
      <UniqueIdentifier>{35fc3fba-ca15-4177-9dc9-35593ba10cea}</UniqueIdentifier>
    </Filter>
    <Filter Include="ソース ファイル\Character\Enemy\BaseEnemy">
      <UniqueIdentifier>{2f52ccf5-5db5-4017-9fdd-cbd40eaab761}</UniqueIdentifier>
    </Filter>
    <Filter Include="ソース ファイル\Effect\Effect">
      <UniqueIdentifier>{0943c0ac-7895-43c7-ad4c-0d844e1eaaa3}</UniqueIdentifier>
    </Filter>
    <Filter Include="ソース ファイル\Effect\HitEffect">
      <UniqueIdentifier>{5b6f951b-12a3-4a98-94d5-0b288cf8e58a}</UniqueIdentifier>
    </Filter>
    <Filter Include="ソース ファイル\Effect\GuardEffect">
      <UniqueIdentifier>{f9bc7136-2b7f-4c56-8f9f-54d0d8b184d1}</UniqueIdentifier>
    </Filter>
  </ItemGroup>
  <ItemGroup>
    <ClCompile Include="main.cpp">
      <Filter>ソース ファイル</Filter>
    </ClCompile>
    <ClCompile Include="GameScene.cpp">
      <Filter>ソース ファイル\Scene\GameScene.h</Filter>
    </ClCompile>
    <ClCompile Include="Player.cpp">
      <Filter>ソース ファイル\Character\Player</Filter>
    </ClCompile>
    <ClCompile Include="Skydome.cpp">
      <Filter>ソース ファイル\World\Skydomo</Filter>
    </ClCompile>
    <ClCompile Include="WorldTransform.cpp">
      <Filter>ソース ファイル\Function\WorldTransform</Filter>
    </ClCompile>
    <ClCompile Include="MapChipField.cpp">
      <Filter>ソース ファイル\MapChipField</Filter>
    </ClCompile>
    <ClCompile Include="easing.cpp">
      <Filter>ソース ファイル\Function\Easing</Filter>
    </ClCompile>
    <ClCompile Include="CameraController.cpp">
      <Filter>ソース ファイル\World\CameraController</Filter>
    </ClCompile>
    <ClCompile Include="SelfMatrix.cpp">
      <Filter>ソース ファイル\NemotoLibrary\Matrix</Filter>
    </ClCompile>
    <ClCompile Include="SelfVector.cpp">
      <Filter>ソース ファイル\NemotoLibrary\Vector</Filter>
    </ClCompile>
    <ClCompile Include="mathTypes.cpp">
      <Filter>ソース ファイル\NemotoLibrary\Math</Filter>
    </ClCompile>
    <ClCompile Include="AABB.cpp">
      <Filter>ソース ファイル\NemotoLibrary\AABB</Filter>
    </ClCompile>
    <ClCompile Include="TitleScene.cpp">
      <Filter>ソース ファイル\Scene\TitleScene</Filter>
    </ClCompile>
    <ClCompile Include="Fade.cpp">
      <Filter>ソース ファイル\Scene\Fade</Filter>
    </ClCompile>
    <ClCompile Include="Effect.cpp">
      <Filter>ソース ファイル\Effect\Effect</Filter>
    </ClCompile>
    <ClCompile Include="DeathParticles.cpp">
      <Filter>ソース ファイル\Character\Enemy\DeathParticles</Filter>
    </ClCompile>
    <ClCompile Include="Random.cpp">
      <Filter>ソース ファイル\Function\Random</Filter>
    </ClCompile>
    <ClCompile Include="Enemy.cpp">
      <Filter>ソース ファイル\Character\Enemy\NormalEnemy</Filter>
    </ClCompile>
    <ClCompile Include="ShieldEnemy.cpp">
      <Filter>ソース ファイル\Character\Enemy\ShieldEnemy</Filter>
    </ClCompile>
    <ClCompile Include="BaseEnemy.cpp">
      <Filter>ソース ファイル\Character\Enemy\BaseEnemy</Filter>
    </ClCompile>
    <ClCompile Include="HitEffect.cpp">
      <Filter>ソース ファイル\Effect\HitEffect</Filter>
    </ClCompile>
    <ClCompile Include="GuardEffect.cpp">
      <Filter>ソース ファイル\Effect\GuardEffect</Filter>
    </ClCompile>
  </ItemGroup>
  <ItemGroup>
    <FxCompile Include="Resources\shaders\SpritePS.hlsl">
      <Filter>シェーダー ファイル</Filter>
    </FxCompile>
    <FxCompile Include="Resources\shaders\SpriteVS.hlsl">
      <Filter>シェーダー ファイル</Filter>
    </FxCompile>
    <FxCompile Include="Resources\shaders\ShapeVS.hlsl">
      <Filter>シェーダー ファイル</Filter>
    </FxCompile>
    <FxCompile Include="Resources\shaders\ShapePS.hlsl">
      <Filter>シェーダー ファイル</Filter>
    </FxCompile>
    <FxCompile Include="Resources\shaders\ObjPS.hlsl">
      <Filter>シェーダー ファイル</Filter>
    </FxCompile>
    <FxCompile Include="Resources\shaders\ObjVS.hlsl">
      <Filter>シェーダー ファイル</Filter>
    </FxCompile>
    <FxCompile Include="Resources\shaders\PrimitivePS.hlsl">
      <Filter>シェーダー ファイル</Filter>
    </FxCompile>
    <FxCompile Include="Resources\shaders\PrimitiveVS.hlsl">
      <Filter>シェーダー ファイル</Filter>
    </FxCompile>
    <FxCompile Include="Resources\shaders\TerrainPS.hlsl">
      <Filter>シェーダー ファイル</Filter>
    </FxCompile>
    <FxCompile Include="Resources\shaders\TerrainVS.hlsl">
      <Filter>シェーダー ファイル</Filter>
    </FxCompile>
  </ItemGroup>
  <ItemGroup>
    <None Include="Resources\shaders\Sprite.hlsli">
      <Filter>シェーダー ファイル</Filter>
    </None>
    <None Include="Resources\shaders\Shape.hlsli">
      <Filter>シェーダー ファイル</Filter>
    </None>
    <None Include="Resources\shaders\Obj.hlsli">
      <Filter>シェーダー ファイル</Filter>
    </None>
    <None Include="Resources\shaders\Primitive.hlsli">
      <Filter>シェーダー ファイル</Filter>
    </None>
    <None Include="Resources\shaders\Terrain.hlsli">
      <Filter>シェーダー ファイル</Filter>
    </None>
  </ItemGroup>
  <ItemGroup>
    <ClInclude Include="GameScene.h">
      <Filter>ソース ファイル\Scene\GameScene.h</Filter>
    </ClInclude>
    <ClInclude Include="Player.h">
      <Filter>ソース ファイル\Character\Player</Filter>
    </ClInclude>
    <ClInclude Include="Skydome.h">
      <Filter>ソース ファイル\World\Skydomo</Filter>
    </ClInclude>
    <ClInclude Include="WorldTransform.h">
      <Filter>ソース ファイル\Function\WorldTransform</Filter>
    </ClInclude>
    <ClInclude Include="MapChipField.h">
      <Filter>ソース ファイル\MapChipField</Filter>
    </ClInclude>
    <ClInclude Include="easing.h">
      <Filter>ソース ファイル\Function\Easing</Filter>
    </ClInclude>
    <ClInclude Include="CameraController.h">
      <Filter>ソース ファイル\World\CameraController</Filter>
    </ClInclude>
    <ClInclude Include="Character.h">
      <Filter>ソース ファイル\Character</Filter>
    </ClInclude>
    <ClInclude Include="SelfMatrix.h">
      <Filter>ソース ファイル\NemotoLibrary\Matrix</Filter>
    </ClInclude>
    <ClInclude Include="SelfVector.h">
      <Filter>ソース ファイル\NemotoLibrary\Vector</Filter>
    </ClInclude>
    <ClInclude Include="mathTypes.h">
      <Filter>ソース ファイル\NemotoLibrary\Math</Filter>
    </ClInclude>
    <ClInclude Include="AABB.h">
      <Filter>ソース ファイル\NemotoLibrary\AABB</Filter>
    </ClInclude>
    <ClInclude Include="TitleScene.h">
      <Filter>ソース ファイル\Scene\TitleScene</Filter>
    </ClInclude>
    <ClInclude Include="Fade.h">
      <Filter>ソース ファイル\Scene\Fade</Filter>
    </ClInclude>
    <ClInclude Include="Effect.h">
      <Filter>ソース ファイル\Effect\Effect</Filter>
    </ClInclude>
    <ClInclude Include="DeathParticles.h">
      <Filter>ソース ファイル\Character\Enemy\DeathParticles</Filter>
    </ClInclude>
    <ClInclude Include="Random.h">
      <Filter>ソース ファイル\Function\Random</Filter>
    </ClInclude>
    <ClInclude Include="Enemy.h">
      <Filter>ソース ファイル\Character\Enemy\NormalEnemy</Filter>
    </ClInclude>
    <ClInclude Include="ShieldEnemy.h">
      <Filter>ソース ファイル\Character\Enemy\ShieldEnemy</Filter>
    </ClInclude>
    <ClInclude Include="BaseEnemy.h">
      <Filter>ソース ファイル\Character\Enemy\BaseEnemy</Filter>
    </ClInclude>
    <ClInclude Include="HitEffect.h">
      <Filter>ソース ファイル\Effect\HitEffect</Filter>
    </ClInclude>
    <ClInclude Include="GuardEffect.h">
      <Filter>ソース ファイル\Effect\GuardEffect</Filter>
    </ClInclude>
  </ItemGroup>
</Project>