<?xml version="1.0" encoding="utf-8"?>
<Project ToolsVersion="4.0" xmlns="http://schemas.microsoft.com/developer/msbuild/2003">
  <ItemGroup>
    <Filter Include="ソース ファイル">
      <UniqueIdentifier>{4FC737F1-C7A5-4376-A066-2A32D752A2FF}</UniqueIdentifier>
      <Extensions>cpp;c;cc;cxx;c++;cppm;ixx;def;odl;idl;hpj;bat;asm;asmx</Extensions>
    </Filter>
    <Filter Include="ヘッダー ファイル">
      <UniqueIdentifier>{93995380-89BD-4b04-88EB-625FBE52EBFB}</UniqueIdentifier>
      <Extensions>h;hh;hpp;hxx;h++;hm;inl;inc;ipp;xsd</Extensions>
    </Filter>
    <Filter Include="リソース ファイル">
      <UniqueIdentifier>{67DA6AB6-F800-4c08-8B7A-83BB121AAD01}</UniqueIdentifier>
      <Extensions>rc;ico;cur;bmp;dlg;rc2;rct;bin;rgs;gif;jpg;jpeg;jpe;resx;tiff;tif;png;wav;mfcribbon-ms</Extensions>
    </Filter>
    <Filter Include="シェーダー ファイル">
      <UniqueIdentifier>{718c7f4c-fc51-40ad-a221-b9456a7a1a3c}</UniqueIdentifier>
    </Filter>
    <Filter Include="ソース ファイル\GameScene.h">
      <UniqueIdentifier>{5bdd04ef-95b4-416f-9148-65daf70ff70e}</UniqueIdentifier>
    </Filter>
    <Filter Include="ソース ファイル\Player">
      <UniqueIdentifier>{0a665f97-55c0-442f-ac6b-5c4c337a1dcd}</UniqueIdentifier>
    </Filter>
    <Filter Include="ソース ファイル\Matrix">
      <UniqueIdentifier>{3ab7f366-0c12-4bba-ab95-e00bfd42d159}</UniqueIdentifier>
    </Filter>
    <Filter Include="ソース ファイル\Skydomo">
      <UniqueIdentifier>{ba8749af-3f05-4f84-8109-92f553847711}</UniqueIdentifier>
    </Filter>
    <Filter Include="ソース ファイル\WorldTransform">
      <UniqueIdentifier>{23ff1c36-d355-45cc-8f2c-eaaa57c71911}</UniqueIdentifier>
    </Filter>
    <Filter Include="ソース ファイル\MapChipField">
      <UniqueIdentifier>{0059c5e8-de0c-43d6-beb3-057708ad561a}</UniqueIdentifier>
    </Filter>
  </ItemGroup>
  <ItemGroup>
    <ClCompile Include="main.cpp">
      <Filter>ソース ファイル</Filter>
    </ClCompile>
    <ClCompile Include="GameScene.cpp">
      <Filter>ソース ファイル\GameScene.h</Filter>
    </ClCompile>
    <ClCompile Include="Player.cpp">
      <Filter>ソース ファイル\Player</Filter>
    </ClCompile>
    <ClCompile Include="Matrix.cpp">
      <Filter>ソース ファイル\Matrix</Filter>
    </ClCompile>
    <ClCompile Include="Skydome.cpp">
      <Filter>ソース ファイル\Skydomo</Filter>
    </ClCompile>
    <ClCompile Include="WorldTransform.cpp">
      <Filter>ソース ファイル\WorldTransform</Filter>
    </ClCompile>
    <ClCompile Include="MapChipField.cpp">
      <Filter>ソース ファイル\MapChipField</Filter>
    </ClCompile>
  </ItemGroup>
  <ItemGroup>
    <FxCompile Include="Resources\shaders\SpritePS.hlsl">
      <Filter>シェーダー ファイル</Filter>
    </FxCompile>
    <FxCompile Include="Resources\shaders\SpriteVS.hlsl">
      <Filter>シェーダー ファイル</Filter>
    </FxCompile>
    <FxCompile Include="Resources\shaders\ShapeVS.hlsl">
      <Filter>シェーダー ファイル</Filter>
    </FxCompile>
    <FxCompile Include="Resources\shaders\ShapePS.hlsl">
      <Filter>シェーダー ファイル</Filter>
    </FxCompile>
    <FxCompile Include="Resources\shaders\ObjPS.hlsl">
      <Filter>シェーダー ファイル</Filter>
    </FxCompile>
    <FxCompile Include="Resources\shaders\ObjVS.hlsl">
      <Filter>シェーダー ファイル</Filter>
    </FxCompile>
    <FxCompile Include="Resources\shaders\PrimitivePS.hlsl">
      <Filter>シェーダー ファイル</Filter>
    </FxCompile>
    <FxCompile Include="Resources\shaders\PrimitiveVS.hlsl">
      <Filter>シェーダー ファイル</Filter>
    </FxCompile>
    <FxCompile Include="Resources\shaders\TerrainPS.hlsl">
      <Filter>シェーダー ファイル</Filter>
    </FxCompile>
    <FxCompile Include="Resources\shaders\TerrainVS.hlsl">
      <Filter>シェーダー ファイル</Filter>
    </FxCompile>
  </ItemGroup>
  <ItemGroup>
    <None Include="Resources\shaders\Sprite.hlsli">
      <Filter>シェーダー ファイル</Filter>
    </None>
    <None Include="Resources\shaders\Shape.hlsli">
      <Filter>シェーダー ファイル</Filter>
    </None>
    <None Include="Resources\shaders\Obj.hlsli">
      <Filter>シェーダー ファイル</Filter>
    </None>
    <None Include="Resources\shaders\Primitive.hlsli">
      <Filter>シェーダー ファイル</Filter>
    </None>
    <None Include="Resources\shaders\Terrain.hlsli">
      <Filter>シェーダー ファイル</Filter>
    </None>
  </ItemGroup>
  <ItemGroup>
    <ClInclude Include="GameScene.h">
      <Filter>ソース ファイル\GameScene.h</Filter>
    </ClInclude>
    <ClInclude Include="Player.h">
      <Filter>ソース ファイル\Player</Filter>
    </ClInclude>
    <ClInclude Include="Matrix.h">
      <Filter>ソース ファイル\Matrix</Filter>
    </ClInclude>
    <ClInclude Include="Skydome.h">
      <Filter>ソース ファイル\Skydomo</Filter>
    </ClInclude>
    <ClInclude Include="WorldTransform.h">
      <Filter>ソース ファイル\WorldTransform</Filter>
    </ClInclude>
    <ClInclude Include="MapChipField.h">
      <Filter>ソース ファイル\MapChipField</Filter>
    </ClInclude>
  </ItemGroup>
</Project>